
Microsoft Visual Studio Solution File, Format Version 12.00
# Visual Studio Version 16
VisualStudioVersion = 16.0.31727.386
MinimumVisualStudioVersion = 10.0.40219.1
Project("{FAE04EC0-301F-11D3-BF4B-00C04F79EFBC}") = "Tuan4_Duykien", "Tuan4_TranMinhTri\Tuan4_Duykien.csproj", "{FA423C62-9BAF-4E82-B1E8-6D9FF3D9FF3E}"
EndProject
Global
	GlobalSection(SolutionConfigurationPlatforms) = preSolution
		Debug|Any CPU = Debug|Any CPU
		Release|Any CPU = Release|Any CPU
	EndGlobalSection
	GlobalSection(ProjectConfigurationPlatforms) = postSolution
		{FA423C62-9BAF-4E82-B1E8-6D9FF3D9FF3E}.Debug|Any CPU.ActiveCfg = Debug|Any CPU
		{FA423C62-9BAF-4E82-B1E8-6D9FF3D9FF3E}.Debug|Any CPU.Build.0 = Debug|Any CPU
		{FA423C62-9BAF-4E82-B1E8-6D9FF3D9FF3E}.Release|Any CPU.ActiveCfg = Release|Any CPU
		{FA423C62-9BAF-4E82-B1E8-6D9FF3D9FF3E}.Release|Any CPU.Build.0 = Release|Any CPU
	EndGlobalSection
	GlobalSection(SolutionProperties) = preSolution
		HideSolutionNode = FALSE
	EndGlobalSection
	GlobalSection(ExtensibilityGlobals) = postSolution
		SolutionGuid = {F9F536EB-4788-4BB5-B90D-8D617B2706C4}
	EndGlobalSection
EndGlobal
